// !$*UTF8*$!
{
	archiveVersion = 1;
	classes = {
	};
	objectVersion = 50;
	objects = {

/* Begin PBXBuildFile section */
		848BCFA2229DDC6E0047788B /* GameKit.framework in Frameworks */ = {isa = PBXBuildFile; fileRef = 848BCFA1229DDC6E0047788B /* GameKit.framework */; };
		84A4667F2295F85E00A16D5B /* AppDelegate.swift in Sources */ = {isa = PBXBuildFile; fileRef = 84A4667E2295F85E00A16D5B /* AppDelegate.swift */; };
		84A466812295F85E00A16D5B /* PuzzleViewController.swift in Sources */ = {isa = PBXBuildFile; fileRef = 84A466802295F85E00A16D5B /* PuzzleViewController.swift */; };
		84A466842295F85E00A16D5B /* Main.storyboard in Resources */ = {isa = PBXBuildFile; fileRef = 84A466822295F85E00A16D5B /* Main.storyboard */; };
		84A466862295F86100A16D5B /* Assets.xcassets in Resources */ = {isa = PBXBuildFile; fileRef = 84A466852295F86100A16D5B /* Assets.xcassets */; };
		84A466892295F86100A16D5B /* LaunchScreen.storyboard in Resources */ = {isa = PBXBuildFile; fileRef = 84A466872295F86100A16D5B /* LaunchScreen.storyboard */; };
		84A466912295FE6900A16D5B /* PuzzleCell.swift in Sources */ = {isa = PBXBuildFile; fileRef = 84A466902295FE6900A16D5B /* PuzzleCell.swift */; };
		84A46693229604FF00A16D5B /* PuzzleGenerator.swift in Sources */ = {isa = PBXBuildFile; fileRef = 84A46692229604FF00A16D5B /* PuzzleGenerator.swift */; };
/* End PBXBuildFile section */

/* Begin PBXFileReference section */
		848BCFA1229DDC6E0047788B /* GameKit.framework */ = {isa = PBXFileReference; lastKnownFileType = wrapper.framework; name = GameKit.framework; path = System/Library/Frameworks/GameKit.framework; sourceTree = SDKROOT; };
		84A4667B2295F85E00A16D5B /* CrossSum.app */ = {isa = PBXFileReference; explicitFileType = wrapper.application; includeInIndex = 0; path = CrossSum.app; sourceTree = BUILT_PRODUCTS_DIR; };
		84A4667E2295F85E00A16D5B /* AppDelegate.swift */ = {isa = PBXFileReference; lastKnownFileType = sourcecode.swift; path = AppDelegate.swift; sourceTree = "<group>"; };
		84A466802295F85E00A16D5B /* PuzzleViewController.swift */ = {isa = PBXFileReference; lastKnownFileType = sourcecode.swift; path = PuzzleViewController.swift; sourceTree = "<group>"; };
		84A466832295F85E00A16D5B /* Base */ = {isa = PBXFileReference; lastKnownFileType = file.storyboard; name = Base; path = Base.lproj/Main.storyboard; sourceTree = "<group>"; };
		84A466852295F86100A16D5B /* Assets.xcassets */ = {isa = PBXFileReference; lastKnownFileType = folder.assetcatalog; path = Assets.xcassets; sourceTree = "<group>"; };
		84A466882295F86100A16D5B /* Base */ = {isa = PBXFileReference; lastKnownFileType = file.storyboard; name = Base; path = Base.lproj/LaunchScreen.storyboard; sourceTree = "<group>"; };
		84A4668A2295F86100A16D5B /* Info.plist */ = {isa = PBXFileReference; lastKnownFileType = text.plist.xml; path = Info.plist; sourceTree = "<group>"; };
		84A466902295FE6900A16D5B /* PuzzleCell.swift */ = {isa = PBXFileReference; lastKnownFileType = sourcecode.swift; path = PuzzleCell.swift; sourceTree = "<group>"; };
		84A46692229604FF00A16D5B /* PuzzleGenerator.swift */ = {isa = PBXFileReference; lastKnownFileType = sourcecode.swift; path = PuzzleGenerator.swift; sourceTree = "<group>"; };
/* End PBXFileReference section */

/* Begin PBXFrameworksBuildPhase section */
		84A466782295F85E00A16D5B /* Frameworks */ = {
			isa = PBXFrameworksBuildPhase;
			buildActionMask = 2147483647;
			files = (
				848BCFA2229DDC6E0047788B /* GameKit.framework in Frameworks */,
			);
			runOnlyForDeploymentPostprocessing = 0;
		};
/* End PBXFrameworksBuildPhase section */

/* Begin PBXGroup section */
		848BCFA0229DDC6E0047788B /* Frameworks */ = {
			isa = PBXGroup;
			children = (
				848BCFA1229DDC6E0047788B /* GameKit.framework */,
			);
			name = Frameworks;
			sourceTree = "<group>";
		};
		84A466722295F85E00A16D5B = {
			isa = PBXGroup;
			children = (
				84A46692229604FF00A16D5B /* PuzzleGenerator.swift */,
				84A4667D2295F85E00A16D5B /* CrossSum */,
				84A4667C2295F85E00A16D5B /* Products */,
				848BCFA0229DDC6E0047788B /* Frameworks */,
			);
			sourceTree = "<group>";
		};
		84A4667C2295F85E00A16D5B /* Products */ = {
			isa = PBXGroup;
			children = (
				84A4667B2295F85E00A16D5B /* CrossSum.app */,
			);
			name = Products;
			sourceTree = "<group>";
		};
		84A4667D2295F85E00A16D5B /* CrossSum */ = {
			isa = PBXGroup;
			children = (
				84A4667E2295F85E00A16D5B /* AppDelegate.swift */,
				84A466802295F85E00A16D5B /* PuzzleViewController.swift */,
				84A466902295FE6900A16D5B /* PuzzleCell.swift */,
				84A466822295F85E00A16D5B /* Main.storyboard */,
				84A466852295F86100A16D5B /* Assets.xcassets */,
				84A466872295F86100A16D5B /* LaunchScreen.storyboard */,
				84A4668A2295F86100A16D5B /* Info.plist */,
			);
			path = CrossSum;
			sourceTree = "<group>";
		};
/* End PBXGroup section */

/* Begin PBXNativeTarget section */
		84A4667A2295F85E00A16D5B /* CrossSum */ = {
			isa = PBXNativeTarget;
			buildConfigurationList = 84A4668D2295F86100A16D5B /* Build configuration list for PBXNativeTarget "CrossSum" */;
			buildPhases = (
				84A466772295F85E00A16D5B /* Sources */,
				84A466782295F85E00A16D5B /* Frameworks */,
				84A466792295F85E00A16D5B /* Resources */,
			);
			buildRules = (
			);
			dependencies = (
			);
			name = CrossSum;
			productName = CrossSum;
			productReference = 84A4667B2295F85E00A16D5B /* CrossSum.app */;
			productType = "com.apple.product-type.application";
		};
/* End PBXNativeTarget section */

/* Begin PBXProject section */
		84A466732295F85E00A16D5B /* Project object */ = {
			isa = PBXProject;
			attributes = {
				LastSwiftUpdateCheck = 1020;
				LastUpgradeCheck = 1020;
				ORGANIZATIONNAME = Tom;
				TargetAttributes = {
					84A4667A2295F85E00A16D5B = {
						CreatedOnToolsVersion = 10.2;
						SystemCapabilities = {
							com.apple.GameCenter.iOS = {
								enabled = 1;
							};
						};
					};
				};
			};
			buildConfigurationList = 84A466762295F85E00A16D5B /* Build configuration list for PBXProject "CrossSum" */;
			compatibilityVersion = "Xcode 9.3";
			developmentRegion = en;
			hasScannedForEncodings = 0;
			knownRegions = (
				en,
				Base,
			);
			mainGroup = 84A466722295F85E00A16D5B;
			productRefGroup = 84A4667C2295F85E00A16D5B /* Products */;
			projectDirPath = "";
			projectRoot = "";
			targets = (
				84A4667A2295F85E00A16D5B /* CrossSum */,
			);
		};
/* End PBXProject section */

/* Begin PBXResourcesBuildPhase section */
		84A466792295F85E00A16D5B /* Resources */ = {
			isa = PBXResourcesBuildPhase;
			buildActionMask = 2147483647;
			files = (
				84A466892295F86100A16D5B /* LaunchScreen.storyboard in Resources */,
				84A466862295F86100A16D5B /* Assets.xcassets in Resources */,
				84A466842295F85E00A16D5B /* Main.storyboard in Resources */,
			);
			runOnlyForDeploymentPostprocessing = 0;
		};
/* End PBXResourcesBuildPhase section */

/* Begin PBXSourcesBuildPhase section */
		84A466772295F85E00A16D5B /* Sources */ = {
			isa = PBXSourcesBuildPhase;
			buildActionMask = 2147483647;
			files = (
				84A466912295FE6900A16D5B /* PuzzleCell.swift in Sources */,
				84A46693229604FF00A16D5B /* PuzzleGenerator.swift in Sources */,
				84A466812295F85E00A16D5B /* PuzzleViewController.swift in Sources */,
				84A4667F2295F85E00A16D5B /* AppDelegate.swift in Sources */,
			);
			runOnlyForDeploymentPostprocessing = 0;
		};
/* End PBXSourcesBuildPhase section */

/* Begin PBXVariantGroup section */
		84A466822295F85E00A16D5B /* Main.storyboard */ = {
			isa = PBXVariantGroup;
			children = (
				84A466832295F85E00A16D5B /* Base */,
			);
			name = Main.storyboard;
			sourceTree = "<group>";
		};
		84A466872295F86100A16D5B /* LaunchScreen.storyboard */ = {
			isa = PBXVariantGroup;
			children = (
				84A466882295F86100A16D5B /* Base */,
			);
			name = LaunchScreen.storyboard;
			sourceTree = "<group>";
		};
/* End PBXVariantGroup section */

/* Begin XCBuildConfiguration section */
		84A4668B2295F86100A16D5B /* Debug */ = {
			isa = XCBuildConfiguration;
			buildSettings = {
				ALWAYS_SEARCH_USER_PATHS = NO;
				CLANG_ANALYZER_NONNULL = YES;
				CLANG_ANALYZER_NUMBER_OBJECT_CONVERSION = YES_AGGRESSIVE;
				CLANG_CXX_LANGUAGE_STANDARD = "gnu++14";
				CLANG_CXX_LIBRARY = "libc++";
				CLANG_ENABLE_MODULES = YES;
				CLANG_ENABLE_OBJC_ARC = YES;
				CLANG_ENABLE_OBJC_WEAK = YES;
				CLANG_WARN_BLOCK_CAPTURE_AUTORELEASING = YES;
				CLANG_WARN_BOOL_CONVERSION = YES;
				CLANG_WARN_COMMA = YES;
				CLANG_WARN_CONSTANT_CONVERSION = YES;
				CLANG_WARN_DEPRECATED_OBJC_IMPLEMENTATIONS = YES;
				CLANG_WARN_DIRECT_OBJC_ISA_USAGE = YES_ERROR;
				CLANG_WARN_DOCUMENTATION_COMMENTS = YES;
				CLANG_WARN_EMPTY_BODY = YES;
				CLANG_WARN_ENUM_CONVERSION = YES;
				CLANG_WARN_INFINITE_RECURSION = YES;
				CLANG_WARN_INT_CONVERSION = YES;
				CLANG_WARN_NON_LITERAL_NULL_CONVERSION = YES;
				CLANG_WARN_OBJC_IMPLICIT_RETAIN_SELF = YES;
				CLANG_WARN_OBJC_LITERAL_CONVERSION = YES;
				CLANG_WARN_OBJC_ROOT_CLASS = YES_ERROR;
				CLANG_WARN_RANGE_LOOP_ANALYSIS = YES;
				CLANG_WARN_STRICT_PROTOTYPES = YES;
				CLANG_WARN_SUSPICIOUS_MOVE = YES;
				CLANG_WARN_UNGUARDED_AVAILABILITY = YES_AGGRESSIVE;
				CLANG_WARN_UNREACHABLE_CODE = YES;
				CLANG_WARN__DUPLICATE_METHOD_MATCH = YES;
				CODE_SIGN_IDENTITY = "iPhone Developer";
				COPY_PHASE_STRIP = NO;
				DEBUG_INFORMATION_FORMAT = dwarf;
				ENABLE_STRICT_OBJC_MSGSEND = YES;
				ENABLE_TESTABILITY = YES;
				GCC_C_LANGUAGE_STANDARD = gnu11;
				GCC_DYNAMIC_NO_PIC = NO;
				GCC_NO_COMMON_BLOCKS = YES;
				GCC_OPTIMIZATION_LEVEL = 0;
				GCC_PREPROCESSOR_DEFINITIONS = (
					"DEBUG=1",
					"$(inherited)",
				);
				GCC_WARN_64_TO_32_BIT_CONVERSION = YES;
				GCC_WARN_ABOUT_RETURN_TYPE = YES_ERROR;
				GCC_WARN_UNDECLARED_SELECTOR = YES;
				GCC_WARN_UNINITIALIZED_AUTOS = YES_AGGRESSIVE;
				GCC_WARN_UNUSED_FUNCTION = YES;
				GCC_WARN_UNUSED_VARIABLE = YES;
				IPHONEOS_DEPLOYMENT_TARGET = 12.2;
				MTL_ENABLE_DEBUG_INFO = INCLUDE_SOURCE;
				MTL_FAST_MATH = YES;
				ONLY_ACTIVE_ARCH = YES;
				SDKROOT = iphoneos;
				SWIFT_ACTIVE_COMPILATION_CONDITIONS = DEBUG;
				SWIFT_OPTIMIZATION_LEVEL = "-Onone";
			};
			name = Debug;
		};
		84A4668C2295F86100A16D5B /* Release */ = {
			isa = XCBuildConfiguration;
			buildSettings = {
				ALWAYS_SEARCH_USER_PATHS = NO;
				CLANG_ANALYZER_NONNULL = YES;
				CLANG_ANALYZER_NUMBER_OBJECT_CONVERSION = YES_AGGRESSIVE;
				CLANG_CXX_LANGUAGE_STANDARD = "gnu++14";
				CLANG_CXX_LIBRARY = "libc++";
				CLANG_ENABLE_MODULES = YES;
				CLANG_ENABLE_OBJC_ARC = YES;
				CLANG_ENABLE_OBJC_WEAK = YES;
				CLANG_WARN_BLOCK_CAPTURE_AUTORELEASING = YES;
				CLANG_WARN_BOOL_CONVERSION = YES;
				CLANG_WARN_COMMA = YES;
				CLANG_WARN_CONSTANT_CONVERSION = YES;
				CLANG_WARN_DEPRECATED_OBJC_IMPLEMENTATIONS = YES;
				CLANG_WARN_DIRECT_OBJC_ISA_USAGE = YES_ERROR;
				CLANG_WARN_DOCUMENTATION_COMMENTS = YES;
				CLANG_WARN_EMPTY_BODY = YES;
				CLANG_WARN_ENUM_CONVERSION = YES;
				CLANG_WARN_INFINITE_RECURSION = YES;
				CLANG_WARN_INT_CONVERSION = YES;
				CLANG_WARN_NON_LITERAL_NULL_CONVERSION = YES;
				CLANG_WARN_OBJC_IMPLICIT_RETAIN_SELF = YES;
				CLANG_WARN_OBJC_LITERAL_CONVERSION = YES;
				CLANG_WARN_OBJC_ROOT_CLASS = YES_ERROR;
				CLANG_WARN_RANGE_LOOP_ANALYSIS = YES;
				CLANG_WARN_STRICT_PROTOTYPES = YES;
				CLANG_WARN_SUSPICIOUS_MOVE = YES;
				CLANG_WARN_UNGUARDED_AVAILABILITY = YES_AGGRESSIVE;
				CLANG_WARN_UNREACHABLE_CODE = YES;
				CLANG_WARN__DUPLICATE_METHOD_MATCH = YES;
				CODE_SIGN_IDENTITY = "iPhone Developer";
				COPY_PHASE_STRIP = NO;
				DEBUG_INFORMATION_FORMAT = "dwarf-with-dsym";
				ENABLE_NS_ASSERTIONS = NO;
				ENABLE_STRICT_OBJC_MSGSEND = YES;
				GCC_C_LANGUAGE_STANDARD = gnu11;
				GCC_NO_COMMON_BLOCKS = YES;
				GCC_WARN_64_TO_32_BIT_CONVERSION = YES;
				GCC_WARN_ABOUT_RETURN_TYPE = YES_ERROR;
				GCC_WARN_UNDECLARED_SELECTOR = YES;
				GCC_WARN_UNINITIALIZED_AUTOS = YES_AGGRESSIVE;
				GCC_WARN_UNUSED_FUNCTION = YES;
				GCC_WARN_UNUSED_VARIABLE = YES;
				IPHONEOS_DEPLOYMENT_TARGET = 12.2;
				MTL_ENABLE_DEBUG_INFO = NO;
				MTL_FAST_MATH = YES;
				SDKROOT = iphoneos;
				SWIFT_COMPILATION_MODE = wholemodule;
				SWIFT_OPTIMIZATION_LEVEL = "-O";
				VALIDATE_PRODUCT = YES;
			};
			name = Release;
		};
		84A4668E2295F86100A16D5B /* Debug */ = {
			isa = XCBuildConfiguration;
			buildSettings = {
				ASSETCATALOG_COMPILER_APPICON_NAME = AppIcon;
				CODE_SIGN_STYLE = Automatic;
				DEVELOPMENT_TEAM = R87XPXN99F;
				INFOPLIST_FILE = CrossSum/Info.plist;
				LD_RUNPATH_SEARCH_PATHS = (
					"$(inherited)",
					"@executable_path/Frameworks",
				);
				PRODUCT_BUNDLE_IDENTIFIER = Rambart.CrossSum;
				PRODUCT_NAME = "$(TARGET_NAME)";
				SWIFT_VERSION = 5.0;
				TARGETED_DEVICE_FAMILY = "1,2";
			};
			name = Debug;
		};
		84A4668F2295F86100A16D5B /* Release */ = {
			isa = XCBuildConfiguration;
			buildSettings = {
				ASSETCATALOG_COMPILER_APPICON_NAME = AppIcon;
				CODE_SIGN_STYLE = Automatic;
				DEVELOPMENT_TEAM = R87XPXN99F;
				INFOPLIST_FILE = CrossSum/Info.plist;
				LD_RUNPATH_SEARCH_PATHS = (
					"$(inherited)",
					"@executable_path/Frameworks",
				);
				PRODUCT_BUNDLE_IDENTIFIER = Rambart.CrossSum;
				PRODUCT_NAME = "$(TARGET_NAME)";
				SWIFT_VERSION = 5.0;
				TARGETED_DEVICE_FAMILY = "1,2";
			};
			name = Release;
		};
/* End XCBuildConfiguration section */

/* Begin XCConfigurationList section */
		84A466762295F85E00A16D5B /* Build configuration list for PBXProject "CrossSum" */ = {
			isa = XCConfigurationList;
			buildConfigurations = (
				84A4668B2295F86100A16D5B /* Debug */,
				84A4668C2295F86100A16D5B /* Release */,
			);
			defaultConfigurationIsVisible = 0;
			defaultConfigurationName = Release;
		};
		84A4668D2295F86100A16D5B /* Build configuration list for PBXNativeTarget "CrossSum" */ = {
			isa = XCConfigurationList;
			buildConfigurations = (
				84A4668E2295F86100A16D5B /* Debug */,
				84A4668F2295F86100A16D5B /* Release */,
			);
			defaultConfigurationIsVisible = 0;
			defaultConfigurationName = Release;
		};
/* End XCConfigurationList section */
	};
	rootObject = 84A466732295F85E00A16D5B /* Project object */;
}
